
Microsoft Visual Studio Solution File, Format Version 12.00
# Visual Studio Version 17
VisualStudioVersion = 17.14.36301.6
MinimumVisualStudioVersion = 10.0.40219.1
Project("{FAE04EC0-301F-11D3-BF4B-00C04F79EFBC}") = "WebServiceLayer", "assigment4\WebServiceLayer.csproj", "{F65D0DEB-B6D2-46C6-B681-F371E893864D}"
EndProject
Project("{FAE04EC0-301F-11D3-BF4B-00C04F79EFBC}") = "DataServiceLayer", "DataServiceLibrary\DataServiceLayer.csproj", "{D31BE362-B20B-23E6-033E-C080DA3C91A2}"
EndProject
Project("{FAE04EC0-301F-11D3-BF4B-00C04F79EFBC}") = "Assignment4.Tests", "test\Assignment4.Tests.csproj", "{FED44051-6DBB-467A-87B3-F4EF96AA3D06}"
EndProject
Global
	GlobalSection(SolutionConfigurationPlatforms) = preSolution
		Debug|Any CPU = Debug|Any CPU
		Release|Any CPU = Release|Any CPU
	EndGlobalSection
	GlobalSection(ProjectConfigurationPlatforms) = postSolution
		{F65D0DEB-B6D2-46C6-B681-F371E893864D}.Debug|Any CPU.ActiveCfg = Debug|Any CPU
		{F65D0DEB-B6D2-46C6-B681-F371E893864D}.Debug|Any CPU.Build.0 = Debug|Any CPU
		{F65D0DEB-B6D2-46C6-B681-F371E893864D}.Release|Any CPU.ActiveCfg = Release|Any CPU
		{F65D0DEB-B6D2-46C6-B681-F371E893864D}.Release|Any CPU.Build.0 = Release|Any CPU
		{D31BE362-B20B-23E6-033E-C080DA3C91A2}.Debug|Any CPU.ActiveCfg = Debug|Any CPU
		{D31BE362-B20B-23E6-033E-C080DA3C91A2}.Debug|Any CPU.Build.0 = Debug|Any CPU
		{D31BE362-B20B-23E6-033E-C080DA3C91A2}.Release|Any CPU.ActiveCfg = Release|Any CPU
		{D31BE362-B20B-23E6-033E-C080DA3C91A2}.Release|Any CPU.Build.0 = Release|Any CPU
		{FED44051-6DBB-467A-87B3-F4EF96AA3D06}.Debug|Any CPU.ActiveCfg = Debug|Any CPU
		{FED44051-6DBB-467A-87B3-F4EF96AA3D06}.Debug|Any CPU.Build.0 = Debug|Any CPU
		{FED44051-6DBB-467A-87B3-F4EF96AA3D06}.Release|Any CPU.ActiveCfg = Release|Any CPU
		{FED44051-6DBB-467A-87B3-F4EF96AA3D06}.Release|Any CPU.Build.0 = Release|Any CPU
	EndGlobalSection
	GlobalSection(SolutionProperties) = preSolution
		HideSolutionNode = FALSE
	EndGlobalSection
	GlobalSection(ExtensibilityGlobals) = postSolution
		SolutionGuid = {1984C664-CA04-4CAF-B7A6-1F55900DB12E}
	EndGlobalSection
EndGlobal
